
Microsoft Visual Studio Solution File, Format Version 12.00
# Visual Studio Version 17
VisualStudioVersion = 17.13.35825.156 d17.13
MinimumVisualStudioVersion = 10.0.40219.1
Project("{FAE04EC0-301F-11D3-BF4B-00C04F79EFBC}") = "Airplain  Rservation", "Airplain  Rservation.csproj", "{68A30ADC-1127-46F4-B26C-670403872339}"
EndProject
Global
	GlobalSection(SolutionConfigurationPlatforms) = preSolution
		Debug|Any CPU = Debug|Any CPU
		Release|Any CPU = Release|Any CPU
	EndGlobalSection
	GlobalSection(ProjectConfigurationPlatforms) = postSolution
		{68A30ADC-1127-46F4-B26C-670403872339}.Debug|Any CPU.ActiveCfg = Debug|Any CPU
		{68A30ADC-1127-46F4-B26C-670403872339}.Debug|Any CPU.Build.0 = Debug|Any CPU
		{68A30ADC-1127-46F4-B26C-670403872339}.Release|Any CPU.ActiveCfg = Release|Any CPU
		{68A30ADC-1127-46F4-B26C-670403872339}.Release|Any CPU.Build.0 = Release|Any CPU
	EndGlobalSection
	GlobalSection(SolutionProperties) = preSolution
		HideSolutionNode = FALSE
	EndGlobalSection
	GlobalSection(ExtensibilityGlobals) = postSolution
		SolutionGuid = {040CCA0F-F9B9-457E-9C62-F2DF790DD700}
	EndGlobalSection
EndGlobal
